
Microsoft Visual Studio Solution File, Format Version 12.00
# Visual Studio Version 16
VisualStudioVersion = 16.0.30413.136
MinimumVisualStudioVersion = 10.0.40219.1
Project("{FAE04EC0-301F-11D3-BF4B-00C04F79EFBC}") = "WindowsFormsApp12", "WindowsFormsApp12\WindowsFormsApp12.csproj", "{CDBD3958-8213-4672-96D0-2C625BDC3884}"
EndProject
Global
	GlobalSection(SolutionConfigurationPlatforms) = preSolution
		Debug|Any CPU = Debug|Any CPU
		Release|Any CPU = Release|Any CPU
	EndGlobalSection
	GlobalSection(ProjectConfigurationPlatforms) = postSolution
		{CDBD3958-8213-4672-96D0-2C625BDC3884}.Debug|Any CPU.ActiveCfg = Debug|Any CPU
		{CDBD3958-8213-4672-96D0-2C625BDC3884}.Debug|Any CPU.Build.0 = Debug|Any CPU
		{CDBD3958-8213-4672-96D0-2C625BDC3884}.Release|Any CPU.ActiveCfg = Release|Any CPU
		{CDBD3958-8213-4672-96D0-2C625BDC3884}.Release|Any CPU.Build.0 = Release|Any CPU
	EndGlobalSection
	GlobalSection(SolutionProperties) = preSolution
		HideSolutionNode = FALSE
	EndGlobalSection
	GlobalSection(ExtensibilityGlobals) = postSolution
		SolutionGuid = {A10789C4-2702-46A2-8536-995FBDECDE96}
	EndGlobalSection
EndGlobal
